
Microsoft Visual Studio Solution File, Format Version 12.00
# Visual Studio Version 17
VisualStudioVersion = 17.10.34928.147
MinimumVisualStudioVersion = 10.0.40219.1
Project("{FAE04EC0-301F-11D3-BF4B-00C04F79EFBC}") = "databasefinals", "databasefinals\databasefinals.csproj", "{F4238E2E-B6BD-4F31-AD17-FB2D99085934}"
EndProject
Global
	GlobalSection(SolutionConfigurationPlatforms) = preSolution
		Debug|Any CPU = Debug|Any CPU
		Release|Any CPU = Release|Any CPU
	EndGlobalSection
	GlobalSection(ProjectConfigurationPlatforms) = postSolution
		{F4238E2E-B6BD-4F31-AD17-FB2D99085934}.Debug|Any CPU.ActiveCfg = Debug|Any CPU
		{F4238E2E-B6BD-4F31-AD17-FB2D99085934}.Debug|Any CPU.Build.0 = Debug|Any CPU
		{F4238E2E-B6BD-4F31-AD17-FB2D99085934}.Release|Any CPU.ActiveCfg = Release|Any CPU
		{F4238E2E-B6BD-4F31-AD17-FB2D99085934}.Release|Any CPU.Build.0 = Release|Any CPU
	EndGlobalSection
	GlobalSection(SolutionProperties) = preSolution
		HideSolutionNode = FALSE
	EndGlobalSection
	GlobalSection(ExtensibilityGlobals) = postSolution
		SolutionGuid = {F4BABE99-4662-4966-AA6A-53089B11C609}
	EndGlobalSection
EndGlobal
